
Microsoft Visual Studio Solution File, Format Version 12.00
# Visual Studio 2012
Project("{FAE04EC0-301F-11D3-BF4B-00C04F79EFBC}") = "Lab_9", "Lab_9\Lab_9.csproj", "{9C0E1E61-2EF1-4CAD-B8D0-9E4DA16CC300}"
EndProject
Global
	GlobalSection(SolutionConfigurationPlatforms) = preSolution
		Debug|Any CPU = Debug|Any CPU
		Release|Any CPU = Release|Any CPU
	EndGlobalSection
	GlobalSection(ProjectConfigurationPlatforms) = postSolution
		{9C0E1E61-2EF1-4CAD-B8D0-9E4DA16CC300}.Debug|Any CPU.ActiveCfg = Debug|Any CPU
		{9C0E1E61-2EF1-4CAD-B8D0-9E4DA16CC300}.Debug|Any CPU.Build.0 = Debug|Any CPU
		{9C0E1E61-2EF1-4CAD-B8D0-9E4DA16CC300}.Release|Any CPU.ActiveCfg = Release|Any CPU
		{9C0E1E61-2EF1-4CAD-B8D0-9E4DA16CC300}.Release|Any CPU.Build.0 = Release|Any CPU
	EndGlobalSection
	GlobalSection(SolutionProperties) = preSolution
		HideSolutionNode = FALSE
	EndGlobalSection
EndGlobal
